
Microsoft Visual Studio Solution File, Format Version 12.00
# Visual Studio Version 16
VisualStudioVersion = 16.0.29318.209
MinimumVisualStudioVersion = 10.0.40219.1
Project("{FAE04EC0-301F-11D3-BF4B-00C04F79EFBC}") = "githab1", "githab1\githab1.csproj", "{1D54D482-3A2A-4584-B9F4-38068B3C296E}"
EndProject
Global
	GlobalSection(SolutionConfigurationPlatforms) = preSolution
		Debug|Any CPU = Debug|Any CPU
		Release|Any CPU = Release|Any CPU
	EndGlobalSection
	GlobalSection(ProjectConfigurationPlatforms) = postSolution
		{1D54D482-3A2A-4584-B9F4-38068B3C296E}.Debug|Any CPU.ActiveCfg = Debug|Any CPU
		{1D54D482-3A2A-4584-B9F4-38068B3C296E}.Debug|Any CPU.Build.0 = Debug|Any CPU
		{1D54D482-3A2A-4584-B9F4-38068B3C296E}.Release|Any CPU.ActiveCfg = Release|Any CPU
		{1D54D482-3A2A-4584-B9F4-38068B3C296E}.Release|Any CPU.Build.0 = Release|Any CPU
	EndGlobalSection
	GlobalSection(SolutionProperties) = preSolution
		HideSolutionNode = FALSE
	EndGlobalSection
	GlobalSection(ExtensibilityGlobals) = postSolution
		SolutionGuid = {7628910B-C1AA-422A-9C00-4A4B0EE79BF8}
	EndGlobalSection
EndGlobal
