
Microsoft Visual Studio Solution File, Format Version 12.00
# Visual Studio Version 16
VisualStudioVersion = 16.0.29318.209
MinimumVisualStudioVersion = 10.0.40219.1
Project("{FAE04EC0-301F-11D3-BF4B-00C04F79EFBC}") = "kiot", "kiot\kiot.csproj", "{438A9AC7-3EFF-41DA-A9F1-C51BC2588FE5}"
EndProject
Global
	GlobalSection(SolutionConfigurationPlatforms) = preSolution
		Debug|Any CPU = Debug|Any CPU
		Release|Any CPU = Release|Any CPU
	EndGlobalSection
	GlobalSection(ProjectConfigurationPlatforms) = postSolution
		{438A9AC7-3EFF-41DA-A9F1-C51BC2588FE5}.Debug|Any CPU.ActiveCfg = Debug|Any CPU
		{438A9AC7-3EFF-41DA-A9F1-C51BC2588FE5}.Debug|Any CPU.Build.0 = Debug|Any CPU
		{438A9AC7-3EFF-41DA-A9F1-C51BC2588FE5}.Release|Any CPU.ActiveCfg = Release|Any CPU
		{438A9AC7-3EFF-41DA-A9F1-C51BC2588FE5}.Release|Any CPU.Build.0 = Release|Any CPU
	EndGlobalSection
	GlobalSection(SolutionProperties) = preSolution
		HideSolutionNode = FALSE
	EndGlobalSection
	GlobalSection(ExtensibilityGlobals) = postSolution
		SolutionGuid = {494B1AA0-33AA-4AF1-94B6-FFFAFACC1D3C}
	EndGlobalSection
EndGlobal
